
Microsoft Visual Studio Solution File, Format Version 12.00
# Visual Studio Version 16
VisualStudioVersion = 16.0.28803.352
MinimumVisualStudioVersion = 10.0.40219.1
Project("{FAE04EC0-301F-11D3-BF4B-00C04F79EFBC}") = "BorrowTools", "BorrowTools\BorrowTools.csproj", "{DCF99FF0-161F-42C8-8EAB-12B9CBA984F9}"
EndProject
Global
	GlobalSection(SolutionConfigurationPlatforms) = preSolution
		Debug|Any CPU = Debug|Any CPU
		Release|Any CPU = Release|Any CPU
	EndGlobalSection
	GlobalSection(ProjectConfigurationPlatforms) = postSolution
		{DCF99FF0-161F-42C8-8EAB-12B9CBA984F9}.Debug|Any CPU.ActiveCfg = Debug|Any CPU
		{DCF99FF0-161F-42C8-8EAB-12B9CBA984F9}.Debug|Any CPU.Build.0 = Debug|Any CPU
		{DCF99FF0-161F-42C8-8EAB-12B9CBA984F9}.Release|Any CPU.ActiveCfg = Release|Any CPU
		{DCF99FF0-161F-42C8-8EAB-12B9CBA984F9}.Release|Any CPU.Build.0 = Release|Any CPU
	EndGlobalSection
	GlobalSection(SolutionProperties) = preSolution
		HideSolutionNode = FALSE
	EndGlobalSection
	GlobalSection(ExtensibilityGlobals) = postSolution
		SolutionGuid = {297C856F-28D7-4008-8D48-1531EF021AD3}
	EndGlobalSection
EndGlobal
